// !$*UTF8*$!
{
	archiveVersion = 1;
	classes = {
	};
	objectVersion = 56;
	objects = {

/* Begin PBXBuildFile section */
		DA932D4E29536F8B00A724BF /* TimelineTableViewCell.swift in Sources */ = {isa = PBXBuildFile; fileRef = DA932D4929536F8B00A724BF /* TimelineTableViewCell.swift */; };
		DA932D4F29536F8B00A724BF /* Timeline.swift in Sources */ = {isa = PBXBuildFile; fileRef = DA932D4A29536F8B00A724BF /* Timeline.swift */; };
		DA932D5029536F8B00A724BF /* TimelinePoint.swift in Sources */ = {isa = PBXBuildFile; fileRef = DA932D4C29536F8B00A724BF /* TimelinePoint.swift */; };
		DA932D5129536F8B00A724BF /* TimelineTableViewCell.xib in Resources */ = {isa = PBXBuildFile; fileRef = DA932D4D29536F8B00A724BF /* TimelineTableViewCell.xib */; };
		DA932D5329536FD800A724BF /* TimeLineView.swift in Sources */ = {isa = PBXBuildFile; fileRef = DA932D5229536FD800A724BF /* TimeLineView.swift */; };
		DA932D582953705B00A724BF /* FlightInformation.swift in Sources */ = {isa = PBXBuildFile; fileRef = DA932D562953705A00A724BF /* FlightInformation.swift */; };
		DA932D592953705B00A724BF /* FlightHistory.swift in Sources */ = {isa = PBXBuildFile; fileRef = DA932D572953705B00A724BF /* FlightHistory.swift */; };
		DA932D5B295377A700A724BF /* HomeScreenView.swift in Sources */ = {isa = PBXBuildFile; fileRef = DA932D5A295377A700A724BF /* HomeScreenView.swift */; };
		DA932D5D2953781700A724BF /* UserProfileView.swift in Sources */ = {isa = PBXBuildFile; fileRef = DA932D5C2953781700A724BF /* UserProfileView.swift */; };
		DA932D5F2953793B00A724BF /* FlightBoardView.swift in Sources */ = {isa = PBXBuildFile; fileRef = DA932D5E2953793B00A724BF /* FlightBoardView.swift */; };
		DA932D612953812900A724BF /* FlightRowView.swift in Sources */ = {isa = PBXBuildFile; fileRef = DA932D602953812900A724BF /* FlightRowView.swift */; };
		DA932D632953826B00A724BF /* FlightDetailsView.swift in Sources */ = {isa = PBXBuildFile; fileRef = DA932D622953826B00A724BF /* FlightDetailsView.swift */; };
		DABFAB37294F962600349D79 /* FlightTimeLineApp.swift in Sources */ = {isa = PBXBuildFile; fileRef = DABFAB36294F962600349D79 /* FlightTimeLineApp.swift */; };
		DABFAB39294F962600349D79 /* ContentView.swift in Sources */ = {isa = PBXBuildFile; fileRef = DABFAB38294F962600349D79 /* ContentView.swift */; };
		DABFAB3B294F962D00349D79 /* Assets.xcassets in Resources */ = {isa = PBXBuildFile; fileRef = DABFAB3A294F962D00349D79 /* Assets.xcassets */; };
		DABFAB3E294F962D00349D79 /* Preview Assets.xcassets in Resources */ = {isa = PBXBuildFile; fileRef = DABFAB3D294F962D00349D79 /* Preview Assets.xcassets */; };
/* End PBXBuildFile section */

/* Begin PBXFileReference section */
		DA932D4929536F8B00A724BF /* TimelineTableViewCell.swift */ = {isa = PBXFileReference; fileEncoding = 4; lastKnownFileType = sourcecode.swift; path = TimelineTableViewCell.swift; sourceTree = "<group>"; };
		DA932D4A29536F8B00A724BF /* Timeline.swift */ = {isa = PBXFileReference; fileEncoding = 4; lastKnownFileType = sourcecode.swift; path = Timeline.swift; sourceTree = "<group>"; };
		DA932D4B29536F8B00A724BF /* TimelineTableViewCell.h */ = {isa = PBXFileReference; fileEncoding = 4; lastKnownFileType = sourcecode.c.h; path = TimelineTableViewCell.h; sourceTree = "<group>"; };
		DA932D4C29536F8B00A724BF /* TimelinePoint.swift */ = {isa = PBXFileReference; fileEncoding = 4; lastKnownFileType = sourcecode.swift; path = TimelinePoint.swift; sourceTree = "<group>"; };
		DA932D4D29536F8B00A724BF /* TimelineTableViewCell.xib */ = {isa = PBXFileReference; fileEncoding = 4; lastKnownFileType = file.xib; path = TimelineTableViewCell.xib; sourceTree = "<group>"; };
		DA932D5229536FD800A724BF /* TimeLineView.swift */ = {isa = PBXFileReference; fileEncoding = 4; lastKnownFileType = sourcecode.swift; path = TimeLineView.swift; sourceTree = "<group>"; };
		DA932D562953705A00A724BF /* FlightInformation.swift */ = {isa = PBXFileReference; fileEncoding = 4; lastKnownFileType = sourcecode.swift; path = FlightInformation.swift; sourceTree = "<group>"; };
		DA932D572953705B00A724BF /* FlightHistory.swift */ = {isa = PBXFileReference; fileEncoding = 4; lastKnownFileType = sourcecode.swift; path = FlightHistory.swift; sourceTree = "<group>"; };
		DA932D5A295377A700A724BF /* HomeScreenView.swift */ = {isa = PBXFileReference; lastKnownFileType = sourcecode.swift; path = HomeScreenView.swift; sourceTree = "<group>"; };
		DA932D5C2953781700A724BF /* UserProfileView.swift */ = {isa = PBXFileReference; lastKnownFileType = sourcecode.swift; path = UserProfileView.swift; sourceTree = "<group>"; };
		DA932D5E2953793B00A724BF /* FlightBoardView.swift */ = {isa = PBXFileReference; lastKnownFileType = sourcecode.swift; path = FlightBoardView.swift; sourceTree = "<group>"; };
		DA932D602953812900A724BF /* FlightRowView.swift */ = {isa = PBXFileReference; lastKnownFileType = sourcecode.swift; path = FlightRowView.swift; sourceTree = "<group>"; };
		DA932D622953826B00A724BF /* FlightDetailsView.swift */ = {isa = PBXFileReference; lastKnownFileType = sourcecode.swift; path = FlightDetailsView.swift; sourceTree = "<group>"; };
		DABFAB33294F962600349D79 /* FlightTimeLine.app */ = {isa = PBXFileReference; explicitFileType = wrapper.application; includeInIndex = 0; path = FlightTimeLine.app; sourceTree = BUILT_PRODUCTS_DIR; };
		DABFAB36294F962600349D79 /* FlightTimeLineApp.swift */ = {isa = PBXFileReference; lastKnownFileType = sourcecode.swift; path = FlightTimeLineApp.swift; sourceTree = "<group>"; };
		DABFAB38294F962600349D79 /* ContentView.swift */ = {isa = PBXFileReference; lastKnownFileType = sourcecode.swift; path = ContentView.swift; sourceTree = "<group>"; };
		DABFAB3A294F962D00349D79 /* Assets.xcassets */ = {isa = PBXFileReference; lastKnownFileType = folder.assetcatalog; path = Assets.xcassets; sourceTree = "<group>"; };
		DABFAB3D294F962D00349D79 /* Preview Assets.xcassets */ = {isa = PBXFileReference; lastKnownFileType = folder.assetcatalog; path = "Preview Assets.xcassets"; sourceTree = "<group>"; };
/* End PBXFileReference section */

/* Begin PBXFrameworksBuildPhase section */
		DABFAB30294F962600349D79 /* Frameworks */ = {
			isa = PBXFrameworksBuildPhase;
			buildActionMask = 2147483647;
			files = (
			);
			runOnlyForDeploymentPostprocessing = 0;
		};
/* End PBXFrameworksBuildPhase section */

/* Begin PBXGroup section */
		DA932D4829536F8B00A724BF /* TimelineTableViewCell */ = {
			isa = PBXGroup;
			children = (
				DA932D4929536F8B00A724BF /* TimelineTableViewCell.swift */,
				DA932D4A29536F8B00A724BF /* Timeline.swift */,
				DA932D4B29536F8B00A724BF /* TimelineTableViewCell.h */,
				DA932D4C29536F8B00A724BF /* TimelinePoint.swift */,
				DA932D4D29536F8B00A724BF /* TimelineTableViewCell.xib */,
			);
			path = TimelineTableViewCell;
			sourceTree = "<group>";
		};
		DA932D552953705A00A724BF /* Models */ = {
			isa = PBXGroup;
			children = (
				DA932D562953705A00A724BF /* FlightInformation.swift */,
				DA932D572953705B00A724BF /* FlightHistory.swift */,
			);
			path = Models;
			sourceTree = "<group>";
		};
		DABFAB2A294F962400349D79 = {
			isa = PBXGroup;
			children = (
				DABFAB35294F962600349D79 /* FlightTimeLine */,
				DABFAB34294F962600349D79 /* Products */,
			);
			sourceTree = "<group>";
		};
		DABFAB34294F962600349D79 /* Products */ = {
			isa = PBXGroup;
			children = (
				DABFAB33294F962600349D79 /* FlightTimeLine.app */,
			);
			name = Products;
			sourceTree = "<group>";
		};
		DABFAB35294F962600349D79 /* FlightTimeLine */ = {
			isa = PBXGroup;
			children = (
				DA932D4829536F8B00A724BF /* TimelineTableViewCell */,
				DA932D552953705A00A724BF /* Models */,
				DABFAB36294F962600349D79 /* FlightTimeLineApp.swift */,
				DABFAB38294F962600349D79 /* ContentView.swift */,
				DA932D5229536FD800A724BF /* TimeLineView.swift */,
				DA932D5A295377A700A724BF /* HomeScreenView.swift */,
				DA932D5E2953793B00A724BF /* FlightBoardView.swift */,
				DA932D602953812900A724BF /* FlightRowView.swift */,
				DA932D622953826B00A724BF /* FlightDetailsView.swift */,
				DA932D5C2953781700A724BF /* UserProfileView.swift */,
				DABFAB3A294F962D00349D79 /* Assets.xcassets */,
				DABFAB3C294F962D00349D79 /* Preview Content */,
			);
			path = FlightTimeLine;
			sourceTree = "<group>";
		};
		DABFAB3C294F962D00349D79 /* Preview Content */ = {
			isa = PBXGroup;
			children = (
				DABFAB3D294F962D00349D79 /* Preview Assets.xcassets */,
			);
			path = "Preview Content";
			sourceTree = "<group>";
		};
/* End PBXGroup section */

/* Begin PBXNativeTarget section */
		DABFAB32294F962600349D79 /* FlightTimeLine */ = {
			isa = PBXNativeTarget;
			buildConfigurationList = DABFAB41294F962D00349D79 /* Build configuration list for PBXNativeTarget "FlightTimeLine" */;
			buildPhases = (
				DABFAB2F294F962600349D79 /* Sources */,
				DABFAB30294F962600349D79 /* Frameworks */,
				DABFAB31294F962600349D79 /* Resources */,
			);
			buildRules = (
			);
			dependencies = (
			);
			name = FlightTimeLine;
			productName = FlightTimeLine;
			productReference = DABFAB33294F962600349D79 /* FlightTimeLine.app */;
			productType = "com.apple.product-type.application";
		};
/* End PBXNativeTarget section */

/* Begin PBXProject section */
		DABFAB2B294F962500349D79 /* Project object */ = {
			isa = PBXProject;
			attributes = {
				BuildIndependentTargetsInParallel = 1;
				LastSwiftUpdateCheck = 1400;
				LastUpgradeCheck = 1400;
				TargetAttributes = {
					DABFAB32294F962600349D79 = {
						CreatedOnToolsVersion = 14.0.1;
					};
				};
			};
			buildConfigurationList = DABFAB2E294F962500349D79 /* Build configuration list for PBXProject "FlightTimeLine" */;
			compatibilityVersion = "Xcode 14.0";
			developmentRegion = en;
			hasScannedForEncodings = 0;
			knownRegions = (
				en,
				Base,
			);
			mainGroup = DABFAB2A294F962400349D79;
			productRefGroup = DABFAB34294F962600349D79 /* Products */;
			projectDirPath = "";
			projectRoot = "";
			targets = (
				DABFAB32294F962600349D79 /* FlightTimeLine */,
			);
		};
/* End PBXProject section */

/* Begin PBXResourcesBuildPhase section */
		DABFAB31294F962600349D79 /* Resources */ = {
			isa = PBXResourcesBuildPhase;
			buildActionMask = 2147483647;
			files = (
				DABFAB3E294F962D00349D79 /* Preview Assets.xcassets in Resources */,
				DA932D5129536F8B00A724BF /* TimelineTableViewCell.xib in Resources */,
				DABFAB3B294F962D00349D79 /* Assets.xcassets in Resources */,
			);
			runOnlyForDeploymentPostprocessing = 0;
		};
/* End PBXResourcesBuildPhase section */

/* Begin PBXSourcesBuildPhase section */
		DABFAB2F294F962600349D79 /* Sources */ = {
			isa = PBXSourcesBuildPhase;
			buildActionMask = 2147483647;
			files = (
				DA932D582953705B00A724BF /* FlightInformation.swift in Sources */,
				DA932D4E29536F8B00A724BF /* TimelineTableViewCell.swift in Sources */,
				DA932D632953826B00A724BF /* FlightDetailsView.swift in Sources */,
				DA932D5329536FD800A724BF /* TimeLineView.swift in Sources */,
				DA932D5F2953793B00A724BF /* FlightBoardView.swift in Sources */,
				DA932D5B295377A700A724BF /* HomeScreenView.swift in Sources */,
				DABFAB39294F962600349D79 /* ContentView.swift in Sources */,
				DA932D5D2953781700A724BF /* UserProfileView.swift in Sources */,
				DA932D4F29536F8B00A724BF /* Timeline.swift in Sources */,
				DABFAB37294F962600349D79 /* FlightTimeLineApp.swift in Sources */,
				DA932D592953705B00A724BF /* FlightHistory.swift in Sources */,
				DA932D5029536F8B00A724BF /* TimelinePoint.swift in Sources */,
				DA932D612953812900A724BF /* FlightRowView.swift in Sources */,
			);
			runOnlyForDeploymentPostprocessing = 0;
		};
/* End PBXSourcesBuildPhase section */

/* Begin XCBuildConfiguration section */
		DABFAB3F294F962D00349D79 /* Debug */ = {
			isa = XCBuildConfiguration;
			buildSettings = {
				ALWAYS_SEARCH_USER_PATHS = NO;
				CLANG_ANALYZER_NONNULL = YES;
				CLANG_ANALYZER_NUMBER_OBJECT_CONVERSION = YES_AGGRESSIVE;
				CLANG_CXX_LANGUAGE_STANDARD = "gnu++20";
				CLANG_ENABLE_MODULES = YES;
				CLANG_ENABLE_OBJC_ARC = YES;
				CLANG_ENABLE_OBJC_WEAK = YES;
				CLANG_WARN_BLOCK_CAPTURE_AUTORELEASING = YES;
				CLANG_WARN_BOOL_CONVERSION = YES;
				CLANG_WARN_COMMA = YES;
				CLANG_WARN_CONSTANT_CONVERSION = YES;
				CLANG_WARN_DEPRECATED_OBJC_IMPLEMENTATIONS = YES;
				CLANG_WARN_DIRECT_OBJC_ISA_USAGE = YES_ERROR;
				CLANG_WARN_DOCUMENTATION_COMMENTS = YES;
				CLANG_WARN_EMPTY_BODY = YES;
				CLANG_WARN_ENUM_CONVERSION = YES;
				CLANG_WARN_INFINITE_RECURSION = YES;
				CLANG_WARN_INT_CONVERSION = YES;
				CLANG_WARN_NON_LITERAL_NULL_CONVERSION = YES;
				CLANG_WARN_OBJC_IMPLICIT_RETAIN_SELF = YES;
				CLANG_WARN_OBJC_LITERAL_CONVERSION = YES;
				CLANG_WARN_OBJC_ROOT_CLASS = YES_ERROR;
				CLANG_WARN_QUOTED_INCLUDE_IN_FRAMEWORK_HEADER = YES;
				CLANG_WARN_RANGE_LOOP_ANALYSIS = YES;
				CLANG_WARN_STRICT_PROTOTYPES = YES;
				CLANG_WARN_SUSPICIOUS_MOVE = YES;
				CLANG_WARN_UNGUARDED_AVAILABILITY = YES_AGGRESSIVE;
				CLANG_WARN_UNREACHABLE_CODE = YES;
				CLANG_WARN__DUPLICATE_METHOD_MATCH = YES;
				COPY_PHASE_STRIP = NO;
				DEBUG_INFORMATION_FORMAT = dwarf;
				ENABLE_STRICT_OBJC_MSGSEND = YES;
				ENABLE_TESTABILITY = YES;
				GCC_C_LANGUAGE_STANDARD = gnu11;
				GCC_DYNAMIC_NO_PIC = NO;
				GCC_NO_COMMON_BLOCKS = YES;
				GCC_OPTIMIZATION_LEVEL = 0;
				GCC_PREPROCESSOR_DEFINITIONS = (
					"DEBUG=1",
					"$(inherited)",
				);
				GCC_WARN_64_TO_32_BIT_CONVERSION = YES;
				GCC_WARN_ABOUT_RETURN_TYPE = YES_ERROR;
				GCC_WARN_UNDECLARED_SELECTOR = YES;
				GCC_WARN_UNINITIALIZED_AUTOS = YES_AGGRESSIVE;
				GCC_WARN_UNUSED_FUNCTION = YES;
				GCC_WARN_UNUSED_VARIABLE = YES;
				IPHONEOS_DEPLOYMENT_TARGET = 16.0;
				MTL_ENABLE_DEBUG_INFO = INCLUDE_SOURCE;
				MTL_FAST_MATH = YES;
				ONLY_ACTIVE_ARCH = YES;
				SDKROOT = iphoneos;
				SWIFT_ACTIVE_COMPILATION_CONDITIONS = DEBUG;
				SWIFT_OPTIMIZATION_LEVEL = "-Onone";
			};
			name = Debug;
		};
		DABFAB40294F962D00349D79 /* Release */ = {
			isa = XCBuildConfiguration;
			buildSettings = {
				ALWAYS_SEARCH_USER_PATHS = NO;
				CLANG_ANALYZER_NONNULL = YES;
				CLANG_ANALYZER_NUMBER_OBJECT_CONVERSION = YES_AGGRESSIVE;
				CLANG_CXX_LANGUAGE_STANDARD = "gnu++20";
				CLANG_ENABLE_MODULES = YES;
				CLANG_ENABLE_OBJC_ARC = YES;
				CLANG_ENABLE_OBJC_WEAK = YES;
				CLANG_WARN_BLOCK_CAPTURE_AUTORELEASING = YES;
				CLANG_WARN_BOOL_CONVERSION = YES;
				CLANG_WARN_COMMA = YES;
				CLANG_WARN_CONSTANT_CONVERSION = YES;
				CLANG_WARN_DEPRECATED_OBJC_IMPLEMENTATIONS = YES;
				CLANG_WARN_DIRECT_OBJC_ISA_USAGE = YES_ERROR;
				CLANG_WARN_DOCUMENTATION_COMMENTS = YES;
				CLANG_WARN_EMPTY_BODY = YES;
				CLANG_WARN_ENUM_CONVERSION = YES;
				CLANG_WARN_INFINITE_RECURSION = YES;
				CLANG_WARN_INT_CONVERSION = YES;
				CLANG_WARN_NON_LITERAL_NULL_CONVERSION = YES;
				CLANG_WARN_OBJC_IMPLICIT_RETAIN_SELF = YES;
				CLANG_WARN_OBJC_LITERAL_CONVERSION = YES;
				CLANG_WARN_OBJC_ROOT_CLASS = YES_ERROR;
				CLANG_WARN_QUOTED_INCLUDE_IN_FRAMEWORK_HEADER = YES;
				CLANG_WARN_RANGE_LOOP_ANALYSIS = YES;
				CLANG_WARN_STRICT_PROTOTYPES = YES;
				CLANG_WARN_SUSPICIOUS_MOVE = YES;
				CLANG_WARN_UNGUARDED_AVAILABILITY = YES_AGGRESSIVE;
				CLANG_WARN_UNREACHABLE_CODE = YES;
				CLANG_WARN__DUPLICATE_METHOD_MATCH = YES;
				COPY_PHASE_STRIP = NO;
				DEBUG_INFORMATION_FORMAT = "dwarf-with-dsym";
				ENABLE_NS_ASSERTIONS = NO;
				ENABLE_STRICT_OBJC_MSGSEND = YES;
				GCC_C_LANGUAGE_STANDARD = gnu11;
				GCC_NO_COMMON_BLOCKS = YES;
				GCC_WARN_64_TO_32_BIT_CONVERSION = YES;
				GCC_WARN_ABOUT_RETURN_TYPE = YES_ERROR;
				GCC_WARN_UNDECLARED_SELECTOR = YES;
				GCC_WARN_UNINITIALIZED_AUTOS = YES_AGGRESSIVE;
				GCC_WARN_UNUSED_FUNCTION = YES;
				GCC_WARN_UNUSED_VARIABLE = YES;
				IPHONEOS_DEPLOYMENT_TARGET = 16.0;
				MTL_ENABLE_DEBUG_INFO = NO;
				MTL_FAST_MATH = YES;
				SDKROOT = iphoneos;
				SWIFT_COMPILATION_MODE = wholemodule;
				SWIFT_OPTIMIZATION_LEVEL = "-O";
				VALIDATE_PRODUCT = YES;
			};
			name = Release;
		};
		DABFAB42294F962D00349D79 /* Debug */ = {
			isa = XCBuildConfiguration;
			buildSettings = {
				ASSETCATALOG_COMPILER_APPICON_NAME = AppIcon;
				ASSETCATALOG_COMPILER_GLOBAL_ACCENT_COLOR_NAME = AccentColor;
				CODE_SIGN_STYLE = Automatic;
				CURRENT_PROJECT_VERSION = 1;
				DEVELOPMENT_ASSET_PATHS = "\"FlightTimeLine/Preview Content\"";
				ENABLE_PREVIEWS = YES;
				GENERATE_INFOPLIST_FILE = YES;
				INFOPLIST_KEY_UIApplicationSceneManifest_Generation = YES;
				INFOPLIST_KEY_UIApplicationSupportsIndirectInputEvents = YES;
				INFOPLIST_KEY_UILaunchScreen_Generation = YES;
				INFOPLIST_KEY_UISupportedInterfaceOrientations_iPad = "UIInterfaceOrientationPortrait UIInterfaceOrientationPortraitUpsideDown UIInterfaceOrientationLandscapeLeft UIInterfaceOrientationLandscapeRight";
				INFOPLIST_KEY_UISupportedInterfaceOrientations_iPhone = "UIInterfaceOrientationPortrait UIInterfaceOrientationLandscapeLeft UIInterfaceOrientationLandscapeRight";
				LD_RUNPATH_SEARCH_PATHS = (
					"$(inherited)",
					"@executable_path/Frameworks",
				);
				MARKETING_VERSION = 1.0;
				PRODUCT_BUNDLE_IDENTIFIER = "Nikita-Chekan.FlightTimeLine";
				PRODUCT_NAME = "$(TARGET_NAME)";
				SWIFT_EMIT_LOC_STRINGS = YES;
				SWIFT_VERSION = 5.0;
				TARGETED_DEVICE_FAMILY = "1,2";
			};
			name = Debug;
		};
		DABFAB43294F962D00349D79 /* Release */ = {
			isa = XCBuildConfiguration;
			buildSettings = {
				ASSETCATALOG_COMPILER_APPICON_NAME = AppIcon;
				ASSETCATALOG_COMPILER_GLOBAL_ACCENT_COLOR_NAME = AccentColor;
				CODE_SIGN_STYLE = Automatic;
				CURRENT_PROJECT_VERSION = 1;
				DEVELOPMENT_ASSET_PATHS = "\"FlightTimeLine/Preview Content\"";
				ENABLE_PREVIEWS = YES;
				GENERATE_INFOPLIST_FILE = YES;
				INFOPLIST_KEY_UIApplicationSceneManifest_Generation = YES;
				INFOPLIST_KEY_UIApplicationSupportsIndirectInputEvents = YES;
				INFOPLIST_KEY_UILaunchScreen_Generation = YES;
				INFOPLIST_KEY_UISupportedInterfaceOrientations_iPad = "UIInterfaceOrientationPortrait UIInterfaceOrientationPortraitUpsideDown UIInterfaceOrientationLandscapeLeft UIInterfaceOrientationLandscapeRight";
				INFOPLIST_KEY_UISupportedInterfaceOrientations_iPhone = "UIInterfaceOrientationPortrait UIInterfaceOrientationLandscapeLeft UIInterfaceOrientationLandscapeRight";
				LD_RUNPATH_SEARCH_PATHS = (
					"$(inherited)",
					"@executable_path/Frameworks",
				);
				MARKETING_VERSION = 1.0;
				PRODUCT_BUNDLE_IDENTIFIER = "Nikita-Chekan.FlightTimeLine";
				PRODUCT_NAME = "$(TARGET_NAME)";
				SWIFT_EMIT_LOC_STRINGS = YES;
				SWIFT_VERSION = 5.0;
				TARGETED_DEVICE_FAMILY = "1,2";
			};
			name = Release;
		};
/* End XCBuildConfiguration section */

/* Begin XCConfigurationList section */
		DABFAB2E294F962500349D79 /* Build configuration list for PBXProject "FlightTimeLine" */ = {
			isa = XCConfigurationList;
			buildConfigurations = (
				DABFAB3F294F962D00349D79 /* Debug */,
				DABFAB40294F962D00349D79 /* Release */,
			);
			defaultConfigurationIsVisible = 0;
			defaultConfigurationName = Release;
		};
		DABFAB41294F962D00349D79 /* Build configuration list for PBXNativeTarget "FlightTimeLine" */ = {
			isa = XCConfigurationList;
			buildConfigurations = (
				DABFAB42294F962D00349D79 /* Debug */,
				DABFAB43294F962D00349D79 /* Release */,
			);
			defaultConfigurationIsVisible = 0;
			defaultConfigurationName = Release;
		};
/* End XCConfigurationList section */
	};
	rootObject = DABFAB2B294F962500349D79 /* Project object */;
}
